
Microsoft Visual Studio Solution File, Format Version 12.00
# Visual Studio 15
VisualStudioVersion = 15.0.28307.136
MinimumVisualStudioVersion = 10.0.40219.1
Project("{FAE04EC0-301F-11D3-BF4B-00C04F79EFBC}") = "TestCore", "TestCore\TestCore.csproj", "{79DF5C91-5B75-4374-A4D6-55E5EFFCCF3D}"
EndProject
Global
	GlobalSection(SolutionConfigurationPlatforms) = preSolution
		Debug|Any CPU = Debug|Any CPU
		Release|Any CPU = Release|Any CPU
	EndGlobalSection
	GlobalSection(ProjectConfigurationPlatforms) = postSolution
		{79DF5C91-5B75-4374-A4D6-55E5EFFCCF3D}.Debug|Any CPU.ActiveCfg = Debug|Any CPU
		{79DF5C91-5B75-4374-A4D6-55E5EFFCCF3D}.Debug|Any CPU.Build.0 = Debug|Any CPU
		{79DF5C91-5B75-4374-A4D6-55E5EFFCCF3D}.Release|Any CPU.ActiveCfg = Release|Any CPU
		{79DF5C91-5B75-4374-A4D6-55E5EFFCCF3D}.Release|Any CPU.Build.0 = Release|Any CPU
	EndGlobalSection
	GlobalSection(SolutionProperties) = preSolution
		HideSolutionNode = FALSE
	EndGlobalSection
	GlobalSection(ExtensibilityGlobals) = postSolution
		SolutionGuid = {84EE5353-8B1F-4044-89F1-E9F6B38E68D0}
	EndGlobalSection
EndGlobal
